
Microsoft Visual Studio Solution File, Format Version 12.00
# Visual Studio Version 17
VisualStudioVersion = 17.3.32929.385
MinimumVisualStudioVersion = 10.0.40219.1
Project("{FAE04EC0-301F-11D3-BF4B-00C04F79EFBC}") = "my_character_tracker", "my_character_tracker.csproj", "{AF10701D-5939-4DD5-9646-97B5DDFF6ED4}"
EndProject
Global
	GlobalSection(SolutionConfigurationPlatforms) = preSolution
		Debug|Any CPU = Debug|Any CPU
		Release|Any CPU = Release|Any CPU
	EndGlobalSection
	GlobalSection(ProjectConfigurationPlatforms) = postSolution
		{AF10701D-5939-4DD5-9646-97B5DDFF6ED4}.Debug|Any CPU.ActiveCfg = Debug|Any CPU
		{AF10701D-5939-4DD5-9646-97B5DDFF6ED4}.Debug|Any CPU.Build.0 = Debug|Any CPU
		{AF10701D-5939-4DD5-9646-97B5DDFF6ED4}.Release|Any CPU.ActiveCfg = Release|Any CPU
		{AF10701D-5939-4DD5-9646-97B5DDFF6ED4}.Release|Any CPU.Build.0 = Release|Any CPU
	EndGlobalSection
	GlobalSection(SolutionProperties) = preSolution
		HideSolutionNode = FALSE
	EndGlobalSection
	GlobalSection(ExtensibilityGlobals) = postSolution
		SolutionGuid = {73E7CE59-D8BF-4F76-A740-7967D45B4906}
	EndGlobalSection
EndGlobal
